
Microsoft Visual Studio Solution File, Format Version 12.00
# Visual Studio Version 17
VisualStudioVersion = 17.13.35919.96
MinimumVisualStudioVersion = 10.0.40219.1
Project("{2150E333-8FDC-42A3-9474-1A3956D46DE8}") = "Data", "Data", "{02EA681E-C7D8-13C7-8484-4AC65E1B71E8}"
EndProject
Project("{2150E333-8FDC-42A3-9474-1A3956D46DE8}") = "Services", "Services", "{C8347219-1C67-45B6-BD1E-00FD5DDFF94C}"
EndProject
Project("{2150E333-8FDC-42A3-9474-1A3956D46DE8}") = "Tests", "Tests", "{744666C0-E69F-4DA8-8445-BAA0139E624F}"
EndProject
Project("{2150E333-8FDC-42A3-9474-1A3956D46DE8}") = "Web", "Web", "{E9F39ADB-1A77-4205-8E24-7396BC55CF78}"
EndProject
Project("{FAE04EC0-301F-11D3-BF4B-00C04F79EFBC}") = "HotelApp.GCommon", "HotelApp.GCommon\HotelApp.GCommon.csproj", "{7DD1F1DF-3F4F-432E-9BBF-1277081197F6}"
EndProject
Project("{FAE04EC0-301F-11D3-BF4B-00C04F79EFBC}") = "HotelApp.Services.Common", "HotelApp.Services.Common\HotelApp.Services.Common.csproj", "{676AEF78-7147-49F2-A6CE-EE1D62B9695C}"
EndProject
Project("{FAE04EC0-301F-11D3-BF4B-00C04F79EFBC}") = "HotelApp.Services.Core", "HotelApp.Services.Core\HotelApp.Services.Core.csproj", "{0104AE5A-487F-4602-9EB1-32EDB014A0A0}"
EndProject
Project("{FAE04EC0-301F-11D3-BF4B-00C04F79EFBC}") = "HotelApp.Data", "HotelApp.Data\HotelApp.Data.csproj", "{737FCBAF-0C43-442A-8766-DED1901E84B0}"
EndProject
Project("{FAE04EC0-301F-11D3-BF4B-00C04F79EFBC}") = "HotelApp.Data.Common", "HotelApp.Data.Common\HotelApp.Data.Common.csproj", "{E6111C96-2B3A-47DA-9C81-9F3EE95B714B}"
EndProject
Project("{FAE04EC0-301F-11D3-BF4B-00C04F79EFBC}") = "HotelApp.Data.Models", "HotelApp.Data.Models\HotelApp.Data.Models.csproj", "{E3D1A47D-9414-4ED3-8F00-0AE89D29A8F8}"
EndProject
Project("{FAE04EC0-301F-11D3-BF4B-00C04F79EFBC}") = "HotelApp.Web.ViewModels", "HotelApp.Web.ViewModels\HotelApp.Web.ViewModels.csproj", "{C9D77A74-05B7-4F4F-BB89-E20CBAB4780F}"
EndProject
Project("{FAE04EC0-301F-11D3-BF4B-00C04F79EFBC}") = "HotelApp.Web.Infrastructure", "HotelApp.Web.Infrastructure\HotelApp.Web.Infrastructure.csproj", "{108C1503-C858-42FB-8019-4406591B9A1C}"
EndProject
Project("{FAE04EC0-301F-11D3-BF4B-00C04F79EFBC}") = "HotelApp.WebApi", "HotelApp.WebApi\HotelApp.WebApi.csproj", "{D1B38E78-52B5-4D5F-8BF3-25BD2AD78AE9}"
EndProject
Project("{FAE04EC0-301F-11D3-BF4B-00C04F79EFBC}") = "HotelApp.Web", "HotelApp.Web\HotelApp.Web.csproj", "{CEF054D2-2046-47E3-B395-2288C9F68C03}"
EndProject
Project("{FAE04EC0-301F-11D3-BF4B-00C04F79EFBC}") = "HotelApp.Services.Tests", "HotelApp.Services.Tests\HotelApp.Services.Tests.csproj", "{83F162AA-68E1-4226-BFB2-D6755B3F23F0}"
EndProject
Project("{FAE04EC0-301F-11D3-BF4B-00C04F79EFBC}") = "HotelApp.Web.Tests", "HotelApp.Web.Tests\HotelApp.Web.Tests.csproj", "{5518F64A-0B61-46A3-9DBA-F2F03B48B5FE}"
EndProject
Global
	GlobalSection(SolutionConfigurationPlatforms) = preSolution
		Debug|Any CPU = Debug|Any CPU
		Release|Any CPU = Release|Any CPU
	EndGlobalSection
	GlobalSection(ProjectConfigurationPlatforms) = postSolution
		{7DD1F1DF-3F4F-432E-9BBF-1277081197F6}.Debug|Any CPU.ActiveCfg = Debug|Any CPU
		{7DD1F1DF-3F4F-432E-9BBF-1277081197F6}.Debug|Any CPU.Build.0 = Debug|Any CPU
		{7DD1F1DF-3F4F-432E-9BBF-1277081197F6}.Release|Any CPU.ActiveCfg = Release|Any CPU
		{7DD1F1DF-3F4F-432E-9BBF-1277081197F6}.Release|Any CPU.Build.0 = Release|Any CPU
		{676AEF78-7147-49F2-A6CE-EE1D62B9695C}.Debug|Any CPU.ActiveCfg = Debug|Any CPU
		{676AEF78-7147-49F2-A6CE-EE1D62B9695C}.Debug|Any CPU.Build.0 = Debug|Any CPU
		{676AEF78-7147-49F2-A6CE-EE1D62B9695C}.Release|Any CPU.ActiveCfg = Release|Any CPU
		{676AEF78-7147-49F2-A6CE-EE1D62B9695C}.Release|Any CPU.Build.0 = Release|Any CPU
		{0104AE5A-487F-4602-9EB1-32EDB014A0A0}.Debug|Any CPU.ActiveCfg = Debug|Any CPU
		{0104AE5A-487F-4602-9EB1-32EDB014A0A0}.Debug|Any CPU.Build.0 = Debug|Any CPU
		{0104AE5A-487F-4602-9EB1-32EDB014A0A0}.Release|Any CPU.ActiveCfg = Release|Any CPU
		{0104AE5A-487F-4602-9EB1-32EDB014A0A0}.Release|Any CPU.Build.0 = Release|Any CPU
		{737FCBAF-0C43-442A-8766-DED1901E84B0}.Debug|Any CPU.ActiveCfg = Debug|Any CPU
		{737FCBAF-0C43-442A-8766-DED1901E84B0}.Debug|Any CPU.Build.0 = Debug|Any CPU
		{737FCBAF-0C43-442A-8766-DED1901E84B0}.Release|Any CPU.ActiveCfg = Release|Any CPU
		{737FCBAF-0C43-442A-8766-DED1901E84B0}.Release|Any CPU.Build.0 = Release|Any CPU
		{E6111C96-2B3A-47DA-9C81-9F3EE95B714B}.Debug|Any CPU.ActiveCfg = Debug|Any CPU
		{E6111C96-2B3A-47DA-9C81-9F3EE95B714B}.Debug|Any CPU.Build.0 = Debug|Any CPU
		{E6111C96-2B3A-47DA-9C81-9F3EE95B714B}.Release|Any CPU.ActiveCfg = Release|Any CPU
		{E6111C96-2B3A-47DA-9C81-9F3EE95B714B}.Release|Any CPU.Build.0 = Release|Any CPU
		{E3D1A47D-9414-4ED3-8F00-0AE89D29A8F8}.Debug|Any CPU.ActiveCfg = Debug|Any CPU
		{E3D1A47D-9414-4ED3-8F00-0AE89D29A8F8}.Debug|Any CPU.Build.0 = Debug|Any CPU
		{E3D1A47D-9414-4ED3-8F00-0AE89D29A8F8}.Release|Any CPU.ActiveCfg = Release|Any CPU
		{E3D1A47D-9414-4ED3-8F00-0AE89D29A8F8}.Release|Any CPU.Build.0 = Release|Any CPU
		{C9D77A74-05B7-4F4F-BB89-E20CBAB4780F}.Debug|Any CPU.ActiveCfg = Debug|Any CPU
		{C9D77A74-05B7-4F4F-BB89-E20CBAB4780F}.Debug|Any CPU.Build.0 = Debug|Any CPU
		{C9D77A74-05B7-4F4F-BB89-E20CBAB4780F}.Release|Any CPU.ActiveCfg = Release|Any CPU
		{C9D77A74-05B7-4F4F-BB89-E20CBAB4780F}.Release|Any CPU.Build.0 = Release|Any CPU
		{108C1503-C858-42FB-8019-4406591B9A1C}.Debug|Any CPU.ActiveCfg = Debug|Any CPU
		{108C1503-C858-42FB-8019-4406591B9A1C}.Debug|Any CPU.Build.0 = Debug|Any CPU
		{108C1503-C858-42FB-8019-4406591B9A1C}.Release|Any CPU.ActiveCfg = Release|Any CPU
		{108C1503-C858-42FB-8019-4406591B9A1C}.Release|Any CPU.Build.0 = Release|Any CPU
		{D1B38E78-52B5-4D5F-8BF3-25BD2AD78AE9}.Debug|Any CPU.ActiveCfg = Debug|Any CPU
		{D1B38E78-52B5-4D5F-8BF3-25BD2AD78AE9}.Debug|Any CPU.Build.0 = Debug|Any CPU
		{D1B38E78-52B5-4D5F-8BF3-25BD2AD78AE9}.Release|Any CPU.ActiveCfg = Release|Any CPU
		{D1B38E78-52B5-4D5F-8BF3-25BD2AD78AE9}.Release|Any CPU.Build.0 = Release|Any CPU
		{CEF054D2-2046-47E3-B395-2288C9F68C03}.Debug|Any CPU.ActiveCfg = Debug|Any CPU
		{CEF054D2-2046-47E3-B395-2288C9F68C03}.Debug|Any CPU.Build.0 = Debug|Any CPU
		{CEF054D2-2046-47E3-B395-2288C9F68C03}.Release|Any CPU.ActiveCfg = Release|Any CPU
		{CEF054D2-2046-47E3-B395-2288C9F68C03}.Release|Any CPU.Build.0 = Release|Any CPU
		{83F162AA-68E1-4226-BFB2-D6755B3F23F0}.Debug|Any CPU.ActiveCfg = Debug|Any CPU
		{83F162AA-68E1-4226-BFB2-D6755B3F23F0}.Debug|Any CPU.Build.0 = Debug|Any CPU
		{83F162AA-68E1-4226-BFB2-D6755B3F23F0}.Release|Any CPU.ActiveCfg = Release|Any CPU
		{83F162AA-68E1-4226-BFB2-D6755B3F23F0}.Release|Any CPU.Build.0 = Release|Any CPU
		{5518F64A-0B61-46A3-9DBA-F2F03B48B5FE}.Debug|Any CPU.ActiveCfg = Debug|Any CPU
		{5518F64A-0B61-46A3-9DBA-F2F03B48B5FE}.Debug|Any CPU.Build.0 = Debug|Any CPU
		{5518F64A-0B61-46A3-9DBA-F2F03B48B5FE}.Release|Any CPU.ActiveCfg = Release|Any CPU
		{5518F64A-0B61-46A3-9DBA-F2F03B48B5FE}.Release|Any CPU.Build.0 = Release|Any CPU
	EndGlobalSection
	GlobalSection(SolutionProperties) = preSolution
		HideSolutionNode = FALSE
	EndGlobalSection
	GlobalSection(NestedProjects) = preSolution
		{676AEF78-7147-49F2-A6CE-EE1D62B9695C} = {C8347219-1C67-45B6-BD1E-00FD5DDFF94C}
		{0104AE5A-487F-4602-9EB1-32EDB014A0A0} = {C8347219-1C67-45B6-BD1E-00FD5DDFF94C}
		{737FCBAF-0C43-442A-8766-DED1901E84B0} = {02EA681E-C7D8-13C7-8484-4AC65E1B71E8}
		{E6111C96-2B3A-47DA-9C81-9F3EE95B714B} = {02EA681E-C7D8-13C7-8484-4AC65E1B71E8}
		{E3D1A47D-9414-4ED3-8F00-0AE89D29A8F8} = {02EA681E-C7D8-13C7-8484-4AC65E1B71E8}
		{C9D77A74-05B7-4F4F-BB89-E20CBAB4780F} = {E9F39ADB-1A77-4205-8E24-7396BC55CF78}
		{108C1503-C858-42FB-8019-4406591B9A1C} = {E9F39ADB-1A77-4205-8E24-7396BC55CF78}
		{D1B38E78-52B5-4D5F-8BF3-25BD2AD78AE9} = {E9F39ADB-1A77-4205-8E24-7396BC55CF78}
		{CEF054D2-2046-47E3-B395-2288C9F68C03} = {E9F39ADB-1A77-4205-8E24-7396BC55CF78}
		{83F162AA-68E1-4226-BFB2-D6755B3F23F0} = {744666C0-E69F-4DA8-8445-BAA0139E624F}
		{5518F64A-0B61-46A3-9DBA-F2F03B48B5FE} = {744666C0-E69F-4DA8-8445-BAA0139E624F}
	EndGlobalSection
	GlobalSection(ExtensibilityGlobals) = postSolution
		SolutionGuid = {E01D5365-332F-4A49-8820-58BFB761EB89}
	EndGlobalSection
EndGlobal
